
Microsoft Visual Studio Solution File, Format Version 12.00
# Visual Studio Version 17
VisualStudioVersion = 17.0.31903.59
MinimumVisualStudioVersion = 10.0.40219.1
Project("{2150E333-8FDC-42A3-9474-1A3956D46DE8}") = "Solution Items", "Solution Items", "{42FA2130-9388-4A12-880D-B9C63A6DA913}"
	ProjectSection(SolutionItems) = preProject
		compose.yaml = compose.yaml
		README.md = README.md
	EndProjectSection
EndProject
Project("{FAE04EC0-301F-11D3-BF4B-00C04F79EFBC}") = "harvester-agent", "harvester-agent\harvester-agent.csproj", "{96BD083F-5CD1-44CE-9D66-FAFFF258FB00}"
EndProject
Project("{FAE04EC0-301F-11D3-BF4B-00C04F79EFBC}") = "harvester", "harvester\harvester.csproj", "{9EC063D8-20DD-4184-B169-7B66639E3F83}"
EndProject
Project("{FAE04EC0-301F-11D3-BF4B-00C04F79EFBC}") = "harvester-shared", "harvester-shared\harvester-shared.csproj", "{DF34F890-A3B8-411A-B364-C205F744E7CA}"
EndProject
Project("{FAE04EC0-301F-11D3-BF4B-00C04F79EFBC}") = "datagen", "datagen\datagen.csproj", "{0049B994-D573-4B19-94BC-1BF4E51C08EC}"
EndProject
Project("{FAE04EC0-301F-11D3-BF4B-00C04F79EFBC}") = "harvester-parsers", "harvester-parsers\harvester-parsers.csproj", "{8E78B1A0-EBA9-4D1F-8DF0-0E686B607C3C}"
EndProject
Project("{FAE04EC0-301F-11D3-BF4B-00C04F79EFBC}") = "harvester-parsers-tests", "harvester-parsers-tests\harvester-parsers-tests.csproj", "{10C7FAE5-AD65-4C36-BC6A-31282F242B04}"
EndProject
Global
	GlobalSection(SolutionConfigurationPlatforms) = preSolution
		Debug|Any CPU = Debug|Any CPU
		Release|Any CPU = Release|Any CPU
	EndGlobalSection
	GlobalSection(SolutionProperties) = preSolution
		HideSolutionNode = FALSE
	EndGlobalSection
	GlobalSection(ProjectConfigurationPlatforms) = postSolution
		{96BD083F-5CD1-44CE-9D66-FAFFF258FB00}.Debug|Any CPU.ActiveCfg = Debug|Any CPU
		{96BD083F-5CD1-44CE-9D66-FAFFF258FB00}.Debug|Any CPU.Build.0 = Debug|Any CPU
		{96BD083F-5CD1-44CE-9D66-FAFFF258FB00}.Release|Any CPU.ActiveCfg = Release|Any CPU
		{96BD083F-5CD1-44CE-9D66-FAFFF258FB00}.Release|Any CPU.Build.0 = Release|Any CPU
		{9EC063D8-20DD-4184-B169-7B66639E3F83}.Debug|Any CPU.ActiveCfg = Debug|Any CPU
		{9EC063D8-20DD-4184-B169-7B66639E3F83}.Debug|Any CPU.Build.0 = Debug|Any CPU
		{9EC063D8-20DD-4184-B169-7B66639E3F83}.Release|Any CPU.ActiveCfg = Release|Any CPU
		{9EC063D8-20DD-4184-B169-7B66639E3F83}.Release|Any CPU.Build.0 = Release|Any CPU
		{DF34F890-A3B8-411A-B364-C205F744E7CA}.Debug|Any CPU.ActiveCfg = Debug|Any CPU
		{DF34F890-A3B8-411A-B364-C205F744E7CA}.Debug|Any CPU.Build.0 = Debug|Any CPU
		{DF34F890-A3B8-411A-B364-C205F744E7CA}.Release|Any CPU.ActiveCfg = Release|Any CPU
		{DF34F890-A3B8-411A-B364-C205F744E7CA}.Release|Any CPU.Build.0 = Release|Any CPU
		{0049B994-D573-4B19-94BC-1BF4E51C08EC}.Debug|Any CPU.ActiveCfg = Debug|Any CPU
		{0049B994-D573-4B19-94BC-1BF4E51C08EC}.Debug|Any CPU.Build.0 = Debug|Any CPU
		{0049B994-D573-4B19-94BC-1BF4E51C08EC}.Release|Any CPU.ActiveCfg = Release|Any CPU
		{0049B994-D573-4B19-94BC-1BF4E51C08EC}.Release|Any CPU.Build.0 = Release|Any CPU
		{8E78B1A0-EBA9-4D1F-8DF0-0E686B607C3C}.Debug|Any CPU.ActiveCfg = Debug|Any CPU
		{8E78B1A0-EBA9-4D1F-8DF0-0E686B607C3C}.Debug|Any CPU.Build.0 = Debug|Any CPU
		{8E78B1A0-EBA9-4D1F-8DF0-0E686B607C3C}.Release|Any CPU.ActiveCfg = Release|Any CPU
		{8E78B1A0-EBA9-4D1F-8DF0-0E686B607C3C}.Release|Any CPU.Build.0 = Release|Any CPU
		{10C7FAE5-AD65-4C36-BC6A-31282F242B04}.Debug|Any CPU.ActiveCfg = Debug|Any CPU
		{10C7FAE5-AD65-4C36-BC6A-31282F242B04}.Debug|Any CPU.Build.0 = Debug|Any CPU
		{10C7FAE5-AD65-4C36-BC6A-31282F242B04}.Release|Any CPU.ActiveCfg = Release|Any CPU
		{10C7FAE5-AD65-4C36-BC6A-31282F242B04}.Release|Any CPU.Build.0 = Release|Any CPU
	EndGlobalSection
EndGlobal
